
Microsoft Visual Studio Solution File, Format Version 12.00
# Visual Studio Version 16
VisualStudioVersion = 16.0.31624.102
MinimumVisualStudioVersion = 10.0.40219.1
Project("{FAE04EC0-301F-11D3-BF4B-00C04F79EFBC}") = "Event_Planning", "Event_Planning\Event_Planning.csproj", "{FE79B7C0-645B-4F20-8140-83F823F47E0D}"
EndProject
Global
	GlobalSection(SolutionConfigurationPlatforms) = preSolution
		Debug|Any CPU = Debug|Any CPU
		Release|Any CPU = Release|Any CPU
	EndGlobalSection
	GlobalSection(ProjectConfigurationPlatforms) = postSolution
		{FE79B7C0-645B-4F20-8140-83F823F47E0D}.Debug|Any CPU.ActiveCfg = Debug|Any CPU
		{FE79B7C0-645B-4F20-8140-83F823F47E0D}.Debug|Any CPU.Build.0 = Debug|Any CPU
		{FE79B7C0-645B-4F20-8140-83F823F47E0D}.Release|Any CPU.ActiveCfg = Release|Any CPU
		{FE79B7C0-645B-4F20-8140-83F823F47E0D}.Release|Any CPU.Build.0 = Release|Any CPU
	EndGlobalSection
	GlobalSection(SolutionProperties) = preSolution
		HideSolutionNode = FALSE
	EndGlobalSection
	GlobalSection(ExtensibilityGlobals) = postSolution
		SolutionGuid = {04AD1E1C-67A6-4060-BB70-356AED013005}
	EndGlobalSection
EndGlobal
